
Microsoft Visual Studio Solution File, Format Version 12.00
# Visual Studio Version 17
VisualStudioVersion = 17.3.32929.385
MinimumVisualStudioVersion = 10.0.40219.1
Project("{FAE04EC0-301F-11D3-BF4B-00C04F79EFBC}") = "CS311_Project3_ATW", "CS311_Project3_ATW.csproj", "{A052B6A9-9140-4DA7-9803-5D9B415A3372}"
EndProject
Global
	GlobalSection(SolutionConfigurationPlatforms) = preSolution
		Debug|Any CPU = Debug|Any CPU
		Release|Any CPU = Release|Any CPU
	EndGlobalSection
	GlobalSection(ProjectConfigurationPlatforms) = postSolution
		{A052B6A9-9140-4DA7-9803-5D9B415A3372}.Debug|Any CPU.ActiveCfg = Debug|Any CPU
		{A052B6A9-9140-4DA7-9803-5D9B415A3372}.Debug|Any CPU.Build.0 = Debug|Any CPU
		{A052B6A9-9140-4DA7-9803-5D9B415A3372}.Release|Any CPU.ActiveCfg = Release|Any CPU
		{A052B6A9-9140-4DA7-9803-5D9B415A3372}.Release|Any CPU.Build.0 = Release|Any CPU
	EndGlobalSection
	GlobalSection(SolutionProperties) = preSolution
		HideSolutionNode = FALSE
	EndGlobalSection
	GlobalSection(ExtensibilityGlobals) = postSolution
		SolutionGuid = {B7BC91E2-641C-4775-812E-8E18AC15AB69}
	EndGlobalSection
EndGlobal
